
Microsoft Visual Studio Solution File, Format Version 12.00
# Visual Studio Version 17
VisualStudioVersion = 17.14.36811.4 d17.14
MinimumVisualStudioVersion = 10.0.40219.1
Project("{FAE04EC0-301F-11D3-BF4B-00C04F79EFBC}") = "Movie Booking System", "Movie Booking System.csproj", "{F24B7EF7-B1C7-41BE-94C8-FBCE60D9A37B}"
EndProject
Global
	GlobalSection(SolutionConfigurationPlatforms) = preSolution
		Debug|Any CPU = Debug|Any CPU
		Release|Any CPU = Release|Any CPU
	EndGlobalSection
	GlobalSection(ProjectConfigurationPlatforms) = postSolution
		{F24B7EF7-B1C7-41BE-94C8-FBCE60D9A37B}.Debug|Any CPU.ActiveCfg = Debug|Any CPU
		{F24B7EF7-B1C7-41BE-94C8-FBCE60D9A37B}.Debug|Any CPU.Build.0 = Debug|Any CPU
		{F24B7EF7-B1C7-41BE-94C8-FBCE60D9A37B}.Release|Any CPU.ActiveCfg = Release|Any CPU
		{F24B7EF7-B1C7-41BE-94C8-FBCE60D9A37B}.Release|Any CPU.Build.0 = Release|Any CPU
	EndGlobalSection
	GlobalSection(SolutionProperties) = preSolution
		HideSolutionNode = FALSE
	EndGlobalSection
	GlobalSection(ExtensibilityGlobals) = postSolution
		SolutionGuid = {5C3B36C7-F1A6-49B1-9F22-76061A79CD18}
	EndGlobalSection
EndGlobal
